
Microsoft Visual Studio Solution File, Format Version 12.00
# Visual Studio Version 16
VisualStudioVersion = 16.0.31313.79
MinimumVisualStudioVersion = 10.0.40219.1
Project("{FAE04EC0-301F-11D3-BF4B-00C04F79EFBC}") = "Dagmc_Toolbox", "Dagmc_Toolbox.csproj", "{B529D8C7-515F-441D-927C-821AD95E7A56}"
EndProject
Project("{9A19103F-16F7-4668-BE54-9A1E7A4F7556}") = "MOABSharp", "..\MOABSharp\MOABSharp\MOABSharp.csproj", "{DA60CDC3-8D10-4940-87E7-9FF678DCCB5A}"
EndProject
Global
	GlobalSection(SolutionConfigurationPlatforms) = preSolution
		Debug|Any CPU = Debug|Any CPU
		Release|Any CPU = Release|Any CPU
	EndGlobalSection
	GlobalSection(ProjectConfigurationPlatforms) = postSolution
		{B529D8C7-515F-441D-927C-821AD95E7A56}.Debug|Any CPU.ActiveCfg = Debug|Any CPU
		{B529D8C7-515F-441D-927C-821AD95E7A56}.Debug|Any CPU.Build.0 = Debug|Any CPU
		{B529D8C7-515F-441D-927C-821AD95E7A56}.Release|Any CPU.ActiveCfg = Release|Any CPU
		{B529D8C7-515F-441D-927C-821AD95E7A56}.Release|Any CPU.Build.0 = Release|Any CPU
		{DA60CDC3-8D10-4940-87E7-9FF678DCCB5A}.Debug|Any CPU.ActiveCfg = Debug|Any CPU
		{DA60CDC3-8D10-4940-87E7-9FF678DCCB5A}.Debug|Any CPU.Build.0 = Debug|Any CPU
		{DA60CDC3-8D10-4940-87E7-9FF678DCCB5A}.Release|Any CPU.ActiveCfg = Release|Any CPU
		{DA60CDC3-8D10-4940-87E7-9FF678DCCB5A}.Release|Any CPU.Build.0 = Release|Any CPU
	EndGlobalSection
	GlobalSection(SolutionProperties) = preSolution
		HideSolutionNode = FALSE
	EndGlobalSection
	GlobalSection(ExtensibilityGlobals) = postSolution
		SolutionGuid = {F6244386-B7C7-448F-8691-EB404E30EB81}
	EndGlobalSection
EndGlobal
